
Microsoft Visual Studio Solution File, Format Version 12.00
# Visual Studio Version 17
VisualStudioVersion = 17.3.32901.215
MinimumVisualStudioVersion = 10.0.40219.1
Project("{FAE04EC0-301F-11D3-BF4B-00C04F79EFBC}") = "CA230313", "CA230313\CA230313.csproj", "{EE8E4B1F-C78D-4B46-AC97-018D023F63BE}"
EndProject
Global
	GlobalSection(SolutionConfigurationPlatforms) = preSolution
		Debug|Any CPU = Debug|Any CPU
		Release|Any CPU = Release|Any CPU
	EndGlobalSection
	GlobalSection(ProjectConfigurationPlatforms) = postSolution
		{EE8E4B1F-C78D-4B46-AC97-018D023F63BE}.Debug|Any CPU.ActiveCfg = Debug|Any CPU
		{EE8E4B1F-C78D-4B46-AC97-018D023F63BE}.Debug|Any CPU.Build.0 = Debug|Any CPU
		{EE8E4B1F-C78D-4B46-AC97-018D023F63BE}.Release|Any CPU.ActiveCfg = Release|Any CPU
		{EE8E4B1F-C78D-4B46-AC97-018D023F63BE}.Release|Any CPU.Build.0 = Release|Any CPU
	EndGlobalSection
	GlobalSection(SolutionProperties) = preSolution
		HideSolutionNode = FALSE
	EndGlobalSection
	GlobalSection(ExtensibilityGlobals) = postSolution
		SolutionGuid = {CF053EBA-D8F9-43E5-994B-F6B363BDF4AF}
	EndGlobalSection
EndGlobal
